
Microsoft Visual Studio Solution File, Format Version 12.00
# Visual Studio Version 17
VisualStudioVersion = 17.9.34607.119
MinimumVisualStudioVersion = 10.0.40219.1
Project("{FAE04EC0-301F-11D3-BF4B-00C04F79EFBC}") = "TaskManagementApp", "TaskManagementApp\TaskManagementApp.csproj", "{CBB2059D-832C-41F2-A963-22F489E21B5C}"
EndProject
Project("{FAE04EC0-301F-11D3-BF4B-00C04F79EFBC}") = "TaskManagementApp.Tests", "TaskManagementApp.Tests\TaskManagementApp.Tests.csproj", "{219FF014-1D29-43C9-BE9B-CD852B391D1F}"
EndProject
Project("{9A19103F-16F7-4668-BE54-9A1E7A4F7556}") = "TaskPilot.Web", "TaskPilot.Web\TaskPilot.Web.csproj", "{1650BDB1-BA54-45BC-BE97-4941A5F18272}"
	ProjectSection(ProjectDependencies) = postProject
		{F88323D0-A492-46C0-9A23-0272A9CBDB79} = {F88323D0-A492-46C0-9A23-0272A9CBDB79}
	EndProjectSection
EndProject
Project("{9A19103F-16F7-4668-BE54-9A1E7A4F7556}") = "TaskPilot.Domain", "TaskPilot.Domain\TaskPilot.Domain.csproj", "{4C7DC6D9-81E5-4E36-ACF6-B4EB587D9964}"
EndProject
Project("{9A19103F-16F7-4668-BE54-9A1E7A4F7556}") = "TaskPilot.Application", "TaskPilot.Application\TaskPilot.Application.csproj", "{89497B4C-60A0-4AF8-B06C-9DE702B15762}"
EndProject
Project("{9A19103F-16F7-4668-BE54-9A1E7A4F7556}") = "TaskPilot.Infrastructure", "TaskPilot.Infrastructure\TaskPilot.Infrastructure.csproj", "{F88323D0-A492-46C0-9A23-0272A9CBDB79}"
EndProject
Project("{FAE04EC0-301F-11D3-BF4B-00C04F79EFBC}") = "TaskPilot.Tests", "TaskPilot.Tests\TaskPilot.Tests.csproj", "{0AE146CE-AAE1-48EA-8B01-80DFC336E890}"
EndProject
Global
	GlobalSection(SolutionConfigurationPlatforms) = preSolution
		Debug|Any CPU = Debug|Any CPU
		Release|Any CPU = Release|Any CPU
	EndGlobalSection
	GlobalSection(ProjectConfigurationPlatforms) = postSolution
		{CBB2059D-832C-41F2-A963-22F489E21B5C}.Debug|Any CPU.ActiveCfg = Debug|Any CPU
		{CBB2059D-832C-41F2-A963-22F489E21B5C}.Debug|Any CPU.Build.0 = Debug|Any CPU
		{CBB2059D-832C-41F2-A963-22F489E21B5C}.Release|Any CPU.ActiveCfg = Release|Any CPU
		{CBB2059D-832C-41F2-A963-22F489E21B5C}.Release|Any CPU.Build.0 = Release|Any CPU
		{219FF014-1D29-43C9-BE9B-CD852B391D1F}.Debug|Any CPU.ActiveCfg = Debug|Any CPU
		{219FF014-1D29-43C9-BE9B-CD852B391D1F}.Debug|Any CPU.Build.0 = Debug|Any CPU
		{219FF014-1D29-43C9-BE9B-CD852B391D1F}.Release|Any CPU.ActiveCfg = Release|Any CPU
		{219FF014-1D29-43C9-BE9B-CD852B391D1F}.Release|Any CPU.Build.0 = Release|Any CPU
		{1650BDB1-BA54-45BC-BE97-4941A5F18272}.Debug|Any CPU.ActiveCfg = Debug|Any CPU
		{1650BDB1-BA54-45BC-BE97-4941A5F18272}.Debug|Any CPU.Build.0 = Debug|Any CPU
		{1650BDB1-BA54-45BC-BE97-4941A5F18272}.Release|Any CPU.ActiveCfg = Release|Any CPU
		{1650BDB1-BA54-45BC-BE97-4941A5F18272}.Release|Any CPU.Build.0 = Release|Any CPU
		{4C7DC6D9-81E5-4E36-ACF6-B4EB587D9964}.Debug|Any CPU.ActiveCfg = Debug|Any CPU
		{4C7DC6D9-81E5-4E36-ACF6-B4EB587D9964}.Debug|Any CPU.Build.0 = Debug|Any CPU
		{4C7DC6D9-81E5-4E36-ACF6-B4EB587D9964}.Release|Any CPU.ActiveCfg = Release|Any CPU
		{4C7DC6D9-81E5-4E36-ACF6-B4EB587D9964}.Release|Any CPU.Build.0 = Release|Any CPU
		{89497B4C-60A0-4AF8-B06C-9DE702B15762}.Debug|Any CPU.ActiveCfg = Debug|Any CPU
		{89497B4C-60A0-4AF8-B06C-9DE702B15762}.Debug|Any CPU.Build.0 = Debug|Any CPU
		{89497B4C-60A0-4AF8-B06C-9DE702B15762}.Release|Any CPU.ActiveCfg = Release|Any CPU
		{89497B4C-60A0-4AF8-B06C-9DE702B15762}.Release|Any CPU.Build.0 = Release|Any CPU
		{F88323D0-A492-46C0-9A23-0272A9CBDB79}.Debug|Any CPU.ActiveCfg = Debug|Any CPU
		{F88323D0-A492-46C0-9A23-0272A9CBDB79}.Debug|Any CPU.Build.0 = Debug|Any CPU
		{F88323D0-A492-46C0-9A23-0272A9CBDB79}.Release|Any CPU.ActiveCfg = Release|Any CPU
		{F88323D0-A492-46C0-9A23-0272A9CBDB79}.Release|Any CPU.Build.0 = Release|Any CPU
		{0AE146CE-AAE1-48EA-8B01-80DFC336E890}.Debug|Any CPU.ActiveCfg = Debug|Any CPU
		{0AE146CE-AAE1-48EA-8B01-80DFC336E890}.Debug|Any CPU.Build.0 = Debug|Any CPU
		{0AE146CE-AAE1-48EA-8B01-80DFC336E890}.Release|Any CPU.ActiveCfg = Release|Any CPU
		{0AE146CE-AAE1-48EA-8B01-80DFC336E890}.Release|Any CPU.Build.0 = Release|Any CPU
	EndGlobalSection
	GlobalSection(SolutionProperties) = preSolution
		HideSolutionNode = FALSE
	EndGlobalSection
	GlobalSection(ExtensibilityGlobals) = postSolution
		SolutionGuid = {826210E3-AF7E-4596-9B1A-E3C9215378AF}
	EndGlobalSection
EndGlobal
